{
  "name": "dots2d3",
  "version": "1.0.0",
  "lockfileVersion": 1,
  "requires": true,
  "dependencies": {
    "dotparser": {
      "version": "1.0.0",
      "resolved": "https://registry.npmjs.org/dotparser/-/dotparser-1.0.0.tgz",
      "integrity": "sha512-yIvKnnQbK8dhh6aN44xNPd00FuHWVygAW8iYW05DCgzGzHJfe/VaQQAoq3QBDAa8cMFS7Lub8SCAsej/lLUomQ=="
    }
  }
}
